// !$*UTF8*$!
{
	archiveVersion = 1;
	classes = {
	};
	objectVersion = 51;
	objects = {

/* Begin PBXBuildFile section */
		7E09C71824E5909000764C09 /* PhotoViewModel.swift in Sources */ = {isa = PBXBuildFile; fileRef = 7E09C71724E5909000764C09 /* PhotoViewModel.swift */; };
		7E09C71A24E6190700764C09 /* MapView.swift in Sources */ = {isa = PBXBuildFile; fileRef = 7E09C71924E6190700764C09 /* MapView.swift */; };
		7E6790C024DA4F400076FABA /* Collection.swift in Sources */ = {isa = PBXBuildFile; fileRef = 7E6790BF24DA4F3F0076FABA /* Collection.swift */; };
		7E6790C324DA550E0076FABA /* MainScreenViewModel.swift in Sources */ = {isa = PBXBuildFile; fileRef = 7E6790C224DA550E0076FABA /* MainScreenViewModel.swift */; };
		7E6790C724DA6E8B0076FABA /* BetterSnappingLayout.swift in Sources */ = {isa = PBXBuildFile; fileRef = 7E6790C624DA6E8B0076FABA /* BetterSnappingLayout.swift */; };
		7E818EA424DB3DD500851D1D /* CollectionPhotoViewController.swift in Sources */ = {isa = PBXBuildFile; fileRef = 7E818EA324DB3DD500851D1D /* CollectionPhotoViewController.swift */; };
		7E818EA624DB3EB200851D1D /* CollectionPhotoViewModel.swift in Sources */ = {isa = PBXBuildFile; fileRef = 7E818EA524DB3EB200851D1D /* CollectionPhotoViewModel.swift */; };
		7E818EA824DB471900851D1D /* User.swift in Sources */ = {isa = PBXBuildFile; fileRef = 7E818EA724DB471900851D1D /* User.swift */; };
		7E818EAC24DB5C3000851D1D /* CollectionPhotoCell.swift in Sources */ = {isa = PBXBuildFile; fileRef = 7E818EAB24DB5C3000851D1D /* CollectionPhotoCell.swift */; };
		7E85BF3724DFF737003AC7D6 /* PhotoCell.swift in Sources */ = {isa = PBXBuildFile; fileRef = 7E85BF3624DFF737003AC7D6 /* PhotoCell.swift */; };
		7E85BF3B24E237B1003AC7D6 /* Symbols.swift in Sources */ = {isa = PBXBuildFile; fileRef = 7E85BF3A24E237B1003AC7D6 /* Symbols.swift */; };
		7E85BF3F24E24103003AC7D6 /* PhotoShowerViewControllers.swift in Sources */ = {isa = PBXBuildFile; fileRef = 7E85BF3E24E24103003AC7D6 /* PhotoShowerViewControllers.swift */; };
		7E85BF4924E345F2003AC7D6 /* InfoView.swift in Sources */ = {isa = PBXBuildFile; fileRef = 7E85BF4824E345F1003AC7D6 /* InfoView.swift */; };
		7E85BF4B24E34609003AC7D6 /* TitleLabel.swift in Sources */ = {isa = PBXBuildFile; fileRef = 7E85BF4A24E34609003AC7D6 /* TitleLabel.swift */; };
		7E85BF4D24E34618003AC7D6 /* SubTitleLabel.swift in Sources */ = {isa = PBXBuildFile; fileRef = 7E85BF4C24E34618003AC7D6 /* SubTitleLabel.swift */; };
		7E85BF4F24E34625003AC7D6 /* VerticalStackView.swift in Sources */ = {isa = PBXBuildFile; fileRef = 7E85BF4E24E34625003AC7D6 /* VerticalStackView.swift */; };
		7EE65C2C24DA225700362B7F /* ExploreCell.swift in Sources */ = {isa = PBXBuildFile; fileRef = 7EE65C2B24DA225700362B7F /* ExploreCell.swift */; };
		7EF5CDA424DE16F300222CA3 /* ExploreCellTableCell.swift in Sources */ = {isa = PBXBuildFile; fileRef = 7EF5CDA324DE16F300222CA3 /* ExploreCellTableCell.swift */; };
		7EF5CDA624DF4D2800222CA3 /* PhotoViewController.swift in Sources */ = {isa = PBXBuildFile; fileRef = 7EF5CDA524DF4D2800222CA3 /* PhotoViewController.swift */; };
		7EF8D1EC24EB9F0900BD60BB /* CustomButton.swift in Sources */ = {isa = PBXBuildFile; fileRef = 7EF8D1EB24EB9F0900BD60BB /* CustomButton.swift */; };
		7EFFB4D024E726B2007B1726 /* ProfileViewController.swift in Sources */ = {isa = PBXBuildFile; fileRef = 7EFFB4CF24E726B2007B1726 /* ProfileViewController.swift */; };
		7EFFB4D224E73CE2007B1726 /* ProfileViewModel.swift in Sources */ = {isa = PBXBuildFile; fileRef = 7EFFB4D124E73CE2007B1726 /* ProfileViewModel.swift */; };
		7EFFB4D424E7749C007B1726 /* CollectionViewCell.swift in Sources */ = {isa = PBXBuildFile; fileRef = 7EFFB4D324E7749C007B1726 /* CollectionViewCell.swift */; };
		7EFFB4D624E793BC007B1726 /* EmptyStateView.swift in Sources */ = {isa = PBXBuildFile; fileRef = 7EFFB4D524E793BC007B1726 /* EmptyStateView.swift */; };
		7EFFB4DA24E8C724007B1726 /* SearchViewController.swift in Sources */ = {isa = PBXBuildFile; fileRef = 7EFFB4D924E8C723007B1726 /* SearchViewController.swift */; };
		7EFFB4DC24E8C767007B1726 /* SearchViewModel.swift in Sources */ = {isa = PBXBuildFile; fileRef = 7EFFB4DB24E8C767007B1726 /* SearchViewModel.swift */; };
		7EFFB4DE24E8DD63007B1726 /* Results.swift in Sources */ = {isa = PBXBuildFile; fileRef = 7EFFB4DD24E8DD61007B1726 /* Results.swift */; };
		7EFFB4E024E8F39F007B1726 /* UserCell.swift in Sources */ = {isa = PBXBuildFile; fileRef = 7EFFB4DF24E8F39F007B1726 /* UserCell.swift */; };
		7EFFB4E224E95382007B1726 /* AppCordinator.swift in Sources */ = {isa = PBXBuildFile; fileRef = 7EFFB4E124E95381007B1726 /* AppCordinator.swift */; };
		7EFFB4E424E953E0007B1726 /* Coordinator.swift in Sources */ = {isa = PBXBuildFile; fileRef = 7EFFB4E324E953E0007B1726 /* Coordinator.swift */; };
		7EFFB4E824EB372D007B1726 /* ParalaxTableView.swift in Sources */ = {isa = PBXBuildFile; fileRef = 7EFFB4E724EB372C007B1726 /* ParalaxTableView.swift */; };
		7EFFB50324EB4C53007B1726 /* UIColor+Ext.swift in Sources */ = {isa = PBXBuildFile; fileRef = 7EFFB50224EB4C53007B1726 /* UIColor+Ext.swift */; };
		7EFFB50524EB4C93007B1726 /* UIImageView+Ext.swift in Sources */ = {isa = PBXBuildFile; fileRef = 7EFFB50424EB4C93007B1726 /* UIImageView+Ext.swift */; };
		7EFFB50724EB4CBD007B1726 /* UIImage+Ext.swift in Sources */ = {isa = PBXBuildFile; fileRef = 7EFFB50624EB4CBD007B1726 /* UIImage+Ext.swift */; };
		7EFFB50924EB4CE0007B1726 /* UIVIewController+Ext.swift in Sources */ = {isa = PBXBuildFile; fileRef = 7EFFB50824EB4CE0007B1726 /* UIVIewController+Ext.swift */; };
		7EFFB50C24EB4D01007B1726 /* Data+Ext.swift in Sources */ = {isa = PBXBuildFile; fileRef = 7EFFB50B24EB4D01007B1726 /* Data+Ext.swift */; };
		7EFFB50E24EB4D1D007B1726 /* String+Ext.swift in Sources */ = {isa = PBXBuildFile; fileRef = 7EFFB50D24EB4D1D007B1726 /* String+Ext.swift */; };
		7EFFB51624EB4F11007B1726 /* EmptyMessage.swift in Sources */ = {isa = PBXBuildFile; fileRef = 7EFFB51524EB4F11007B1726 /* EmptyMessage.swift */; };
		7EFFB51824EB5834007B1726 /* UIButton+Ext.swift in Sources */ = {isa = PBXBuildFile; fileRef = 7EFFB51724EB5834007B1726 /* UIButton+Ext.swift */; };
		8848218403177CA5C981A38D /* Pods_OneSplash.framework in Frameworks */ = {isa = PBXBuildFile; fileRef = 557F2207D3FF3C5286C6222E /* Pods_OneSplash.framework */; };
		9C07CB5B24D93FCA00DD39DF /* AppDelegate.swift in Sources */ = {isa = PBXBuildFile; fileRef = 9C07CB5A24D93FCA00DD39DF /* AppDelegate.swift */; };
		9C07CB5D24D93FCA00DD39DF /* SceneDelegate.swift in Sources */ = {isa = PBXBuildFile; fileRef = 9C07CB5C24D93FCA00DD39DF /* SceneDelegate.swift */; };
		9C07CB5F24D93FCA00DD39DF /* MainScreenViewController.swift in Sources */ = {isa = PBXBuildFile; fileRef = 9C07CB5E24D93FCA00DD39DF /* MainScreenViewController.swift */; };
		9C07CB6524D93FCA00DD39DF /* OneSplash.xcdatamodeld in Sources */ = {isa = PBXBuildFile; fileRef = 9C07CB6324D93FCA00DD39DF /* OneSplash.xcdatamodeld */; };
		9C07CB6724D93FCE00DD39DF /* Assets.xcassets in Resources */ = {isa = PBXBuildFile; fileRef = 9C07CB6624D93FCE00DD39DF /* Assets.xcassets */; };
		9C07CB6A24D93FCE00DD39DF /* LaunchScreen.storyboard in Resources */ = {isa = PBXBuildFile; fileRef = 9C07CB6824D93FCE00DD39DF /* LaunchScreen.storyboard */; };
		9C1E8F8324D97CAA00AE44A8 /* UnsplashAPI.swift in Sources */ = {isa = PBXBuildFile; fileRef = 9C1E8F8224D97CAA00AE44A8 /* UnsplashAPI.swift */; };
		9C1E8F8524D97F0A00AE44A8 /* UnsplashService.swift in Sources */ = {isa = PBXBuildFile; fileRef = 9C1E8F8424D97F0A00AE44A8 /* UnsplashService.swift */; };
		9C1E8F8C24D9833500AE44A8 /* Photo.swift in Sources */ = {isa = PBXBuildFile; fileRef = 9C1E8F8B24D9833500AE44A8 /* Photo.swift */; };
/* End PBXBuildFile section */

/* Begin PBXFileReference section */
		557F2207D3FF3C5286C6222E /* Pods_OneSplash.framework */ = {isa = PBXFileReference; explicitFileType = wrapper.framework; includeInIndex = 0; path = Pods_OneSplash.framework; sourceTree = BUILT_PRODUCTS_DIR; };
		68740E3173C4B9F0130213B5 /* Pods-OneSplash.debug.xcconfig */ = {isa = PBXFileReference; includeInIndex = 1; lastKnownFileType = text.xcconfig; name = "Pods-OneSplash.debug.xcconfig"; path = "Target Support Files/Pods-OneSplash/Pods-OneSplash.debug.xcconfig"; sourceTree = "<group>"; };
		7E09C71724E5909000764C09 /* PhotoViewModel.swift */ = {isa = PBXFileReference; lastKnownFileType = sourcecode.swift; path = PhotoViewModel.swift; sourceTree = "<group>"; };
		7E09C71924E6190700764C09 /* MapView.swift */ = {isa = PBXFileReference; lastKnownFileType = sourcecode.swift; path = MapView.swift; sourceTree = "<group>"; };
		7E6790BF24DA4F3F0076FABA /* Collection.swift */ = {isa = PBXFileReference; lastKnownFileType = sourcecode.swift; path = Collection.swift; sourceTree = "<group>"; };
		7E6790C224DA550E0076FABA /* MainScreenViewModel.swift */ = {isa = PBXFileReference; lastKnownFileType = sourcecode.swift; path = MainScreenViewModel.swift; sourceTree = "<group>"; };
		7E6790C624DA6E8B0076FABA /* BetterSnappingLayout.swift */ = {isa = PBXFileReference; lastKnownFileType = sourcecode.swift; path = BetterSnappingLayout.swift; sourceTree = "<group>"; };
		7E818EA324DB3DD500851D1D /* CollectionPhotoViewController.swift */ = {isa = PBXFileReference; lastKnownFileType = sourcecode.swift; path = CollectionPhotoViewController.swift; sourceTree = "<group>"; };
		7E818EA524DB3EB200851D1D /* CollectionPhotoViewModel.swift */ = {isa = PBXFileReference; lastKnownFileType = sourcecode.swift; path = CollectionPhotoViewModel.swift; sourceTree = "<group>"; };
		7E818EA724DB471900851D1D /* User.swift */ = {isa = PBXFileReference; lastKnownFileType = sourcecode.swift; path = User.swift; sourceTree = "<group>"; };
		7E818EAB24DB5C3000851D1D /* CollectionPhotoCell.swift */ = {isa = PBXFileReference; lastKnownFileType = sourcecode.swift; path = CollectionPhotoCell.swift; sourceTree = "<group>"; };
		7E85BF3624DFF737003AC7D6 /* PhotoCell.swift */ = {isa = PBXFileReference; lastKnownFileType = sourcecode.swift; path = PhotoCell.swift; sourceTree = "<group>"; };
		7E85BF3A24E237B1003AC7D6 /* Symbols.swift */ = {isa = PBXFileReference; lastKnownFileType = sourcecode.swift; path = Symbols.swift; sourceTree = "<group>"; };
		7E85BF3E24E24103003AC7D6 /* PhotoShowerViewControllers.swift */ = {isa = PBXFileReference; lastKnownFileType = sourcecode.swift; path = PhotoShowerViewControllers.swift; sourceTree = "<group>"; };
		7E85BF4824E345F1003AC7D6 /* InfoView.swift */ = {isa = PBXFileReference; lastKnownFileType = sourcecode.swift; path = InfoView.swift; sourceTree = "<group>"; };
		7E85BF4A24E34609003AC7D6 /* TitleLabel.swift */ = {isa = PBXFileReference; lastKnownFileType = sourcecode.swift; path = TitleLabel.swift; sourceTree = "<group>"; };
		7E85BF4C24E34618003AC7D6 /* SubTitleLabel.swift */ = {isa = PBXFileReference; lastKnownFileType = sourcecode.swift; path = SubTitleLabel.swift; sourceTree = "<group>"; };
		7E85BF4E24E34625003AC7D6 /* VerticalStackView.swift */ = {isa = PBXFileReference; lastKnownFileType = sourcecode.swift; path = VerticalStackView.swift; sourceTree = "<group>"; };
		7EE65C2B24DA225700362B7F /* ExploreCell.swift */ = {isa = PBXFileReference; lastKnownFileType = sourcecode.swift; path = ExploreCell.swift; sourceTree = "<group>"; };
		7EF5CDA324DE16F300222CA3 /* ExploreCellTableCell.swift */ = {isa = PBXFileReference; lastKnownFileType = sourcecode.swift; path = ExploreCellTableCell.swift; sourceTree = "<group>"; };
		7EF5CDA524DF4D2800222CA3 /* PhotoViewController.swift */ = {isa = PBXFileReference; lastKnownFileType = sourcecode.swift; path = PhotoViewController.swift; sourceTree = "<group>"; };
		7EF8D1EB24EB9F0900BD60BB /* CustomButton.swift */ = {isa = PBXFileReference; lastKnownFileType = sourcecode.swift; path = CustomButton.swift; sourceTree = "<group>"; };
		7EFFB4CF24E726B2007B1726 /* ProfileViewController.swift */ = {isa = PBXFileReference; lastKnownFileType = sourcecode.swift; path = ProfileViewController.swift; sourceTree = "<group>"; };
		7EFFB4D124E73CE2007B1726 /* ProfileViewModel.swift */ = {isa = PBXFileReference; lastKnownFileType = sourcecode.swift; path = ProfileViewModel.swift; sourceTree = "<group>"; };
		7EFFB4D324E7749C007B1726 /* CollectionViewCell.swift */ = {isa = PBXFileReference; lastKnownFileType = sourcecode.swift; path = CollectionViewCell.swift; sourceTree = "<group>"; };
		7EFFB4D524E793BC007B1726 /* EmptyStateView.swift */ = {isa = PBXFileReference; lastKnownFileType = sourcecode.swift; path = EmptyStateView.swift; sourceTree = "<group>"; };
		7EFFB4D924E8C723007B1726 /* SearchViewController.swift */ = {isa = PBXFileReference; lastKnownFileType = sourcecode.swift; path = SearchViewController.swift; sourceTree = "<group>"; };
		7EFFB4DB24E8C767007B1726 /* SearchViewModel.swift */ = {isa = PBXFileReference; lastKnownFileType = sourcecode.swift; path = SearchViewModel.swift; sourceTree = "<group>"; };
		7EFFB4DD24E8DD61007B1726 /* Results.swift */ = {isa = PBXFileReference; lastKnownFileType = sourcecode.swift; path = Results.swift; sourceTree = "<group>"; };
		7EFFB4DF24E8F39F007B1726 /* UserCell.swift */ = {isa = PBXFileReference; lastKnownFileType = sourcecode.swift; path = UserCell.swift; sourceTree = "<group>"; };
		7EFFB4E124E95381007B1726 /* AppCordinator.swift */ = {isa = PBXFileReference; lastKnownFileType = sourcecode.swift; path = AppCordinator.swift; sourceTree = "<group>"; };
		7EFFB4E324E953E0007B1726 /* Coordinator.swift */ = {isa = PBXFileReference; lastKnownFileType = sourcecode.swift; path = Coordinator.swift; sourceTree = "<group>"; };
		7EFFB4E724EB372C007B1726 /* ParalaxTableView.swift */ = {isa = PBXFileReference; lastKnownFileType = sourcecode.swift; path = ParalaxTableView.swift; sourceTree = "<group>"; };
		7EFFB50224EB4C53007B1726 /* UIColor+Ext.swift */ = {isa = PBXFileReference; lastKnownFileType = sourcecode.swift; path = "UIColor+Ext.swift"; sourceTree = "<group>"; };
		7EFFB50424EB4C93007B1726 /* UIImageView+Ext.swift */ = {isa = PBXFileReference; lastKnownFileType = sourcecode.swift; path = "UIImageView+Ext.swift"; sourceTree = "<group>"; };
		7EFFB50624EB4CBD007B1726 /* UIImage+Ext.swift */ = {isa = PBXFileReference; lastKnownFileType = sourcecode.swift; path = "UIImage+Ext.swift"; sourceTree = "<group>"; };
		7EFFB50824EB4CE0007B1726 /* UIVIewController+Ext.swift */ = {isa = PBXFileReference; lastKnownFileType = sourcecode.swift; path = "UIVIewController+Ext.swift"; sourceTree = "<group>"; };
		7EFFB50B24EB4D01007B1726 /* Data+Ext.swift */ = {isa = PBXFileReference; lastKnownFileType = sourcecode.swift; path = "Data+Ext.swift"; sourceTree = "<group>"; };
		7EFFB50D24EB4D1D007B1726 /* String+Ext.swift */ = {isa = PBXFileReference; lastKnownFileType = sourcecode.swift; path = "String+Ext.swift"; sourceTree = "<group>"; };
		7EFFB51524EB4F11007B1726 /* EmptyMessage.swift */ = {isa = PBXFileReference; lastKnownFileType = sourcecode.swift; path = EmptyMessage.swift; sourceTree = "<group>"; };
		7EFFB51724EB5834007B1726 /* UIButton+Ext.swift */ = {isa = PBXFileReference; lastKnownFileType = sourcecode.swift; path = "UIButton+Ext.swift"; sourceTree = "<group>"; };
		9C07CB5724D93FCA00DD39DF /* OneSplash.app */ = {isa = PBXFileReference; explicitFileType = wrapper.application; includeInIndex = 0; path = OneSplash.app; sourceTree = BUILT_PRODUCTS_DIR; };
		9C07CB5A24D93FCA00DD39DF /* AppDelegate.swift */ = {isa = PBXFileReference; lastKnownFileType = sourcecode.swift; path = AppDelegate.swift; sourceTree = "<group>"; };
		9C07CB5C24D93FCA00DD39DF /* SceneDelegate.swift */ = {isa = PBXFileReference; lastKnownFileType = sourcecode.swift; path = SceneDelegate.swift; sourceTree = "<group>"; };
		9C07CB5E24D93FCA00DD39DF /* MainScreenViewController.swift */ = {isa = PBXFileReference; lastKnownFileType = sourcecode.swift; path = MainScreenViewController.swift; sourceTree = "<group>"; };
		9C07CB6424D93FCA00DD39DF /* OneSplash.xcdatamodel */ = {isa = PBXFileReference; lastKnownFileType = wrapper.xcdatamodel; path = OneSplash.xcdatamodel; sourceTree = "<group>"; };
		9C07CB6624D93FCE00DD39DF /* Assets.xcassets */ = {isa = PBXFileReference; lastKnownFileType = folder.assetcatalog; path = Assets.xcassets; sourceTree = "<group>"; };
		9C07CB6924D93FCE00DD39DF /* Base */ = {isa = PBXFileReference; lastKnownFileType = file.storyboard; name = Base; path = Base.lproj/LaunchScreen.storyboard; sourceTree = "<group>"; };
		9C07CB6B24D93FCE00DD39DF /* Info.plist */ = {isa = PBXFileReference; lastKnownFileType = text.plist.xml; path = Info.plist; sourceTree = "<group>"; };
		9C1E8F8224D97CAA00AE44A8 /* UnsplashAPI.swift */ = {isa = PBXFileReference; lastKnownFileType = sourcecode.swift; path = UnsplashAPI.swift; sourceTree = "<group>"; };
		9C1E8F8424D97F0A00AE44A8 /* UnsplashService.swift */ = {isa = PBXFileReference; lastKnownFileType = sourcecode.swift; path = UnsplashService.swift; sourceTree = "<group>"; };
		9C1E8F8B24D9833500AE44A8 /* Photo.swift */ = {isa = PBXFileReference; lastKnownFileType = sourcecode.swift; path = Photo.swift; sourceTree = "<group>"; };
		E2377561D3E1E388E717843A /* Pods-OneSplash.release.xcconfig */ = {isa = PBXFileReference; includeInIndex = 1; lastKnownFileType = text.xcconfig; name = "Pods-OneSplash.release.xcconfig"; path = "Target Support Files/Pods-OneSplash/Pods-OneSplash.release.xcconfig"; sourceTree = "<group>"; };
/* End PBXFileReference section */

/* Begin PBXFrameworksBuildPhase section */
		9C07CB5424D93FCA00DD39DF /* Frameworks */ = {
			isa = PBXFrameworksBuildPhase;
			buildActionMask = 2147483647;
			files = (
				8848218403177CA5C981A38D /* Pods_OneSplash.framework in Frameworks */,
			);
			runOnlyForDeploymentPostprocessing = 0;
		};
/* End PBXFrameworksBuildPhase section */

/* Begin PBXGroup section */
		614A60D4D890F944B86EB81D /* Frameworks */ = {
			isa = PBXGroup;
			children = (
				557F2207D3FF3C5286C6222E /* Pods_OneSplash.framework */,
			);
			name = Frameworks;
			sourceTree = "<group>";
		};
		7E6790B224DA417B0076FABA /* Helper */ = {
			isa = PBXGroup;
			children = (
				7EFFB4E924EB46E3007B1726 /* Custom Views */,
				7EFFB4FF24EB4C09007B1726 /* Exntention */,
				7E85BF3E24E24103003AC7D6 /* PhotoShowerViewControllers.swift */,
				7EFFB50F24EB4D5F007B1726 /* Utilities */,
			);
			path = Helper;
			sourceTree = "<group>";
		};
		7EF8D1EA24EB9EF400BD60BB /* Button */ = {
			isa = PBXGroup;
			children = (
				7EF8D1EB24EB9F0900BD60BB /* CustomButton.swift */,
			);
			path = Button;
			sourceTree = "<group>";
		};
		7EF8D1ED24EBA82B00BD60BB /* Support */ = {
			isa = PBXGroup;
			children = (
				9C07CB6624D93FCE00DD39DF /* Assets.xcassets */,
				9C07CB6B24D93FCE00DD39DF /* Info.plist */,
				9C07CB6824D93FCE00DD39DF /* LaunchScreen.storyboard */,
			);
			path = Support;
			sourceTree = "<group>";
		};
		7EFFB4E924EB46E3007B1726 /* Custom Views */ = {
			isa = PBXGroup;
			children = (
				7EF8D1EA24EB9EF400BD60BB /* Button */,
				7EFFB51424EB4E0D007B1726 /* MapView */,
				7EFFB51324EB4E05007B1726 /* TableView */,
				7EFFB51224EB4DF6007B1726 /* StackView */,
				7EFFB51124EB4DE4007B1726 /* View */,
				7EFFB51024EB4DCC007B1726 /* Labels */,
			);
			path = "Custom Views";
			sourceTree = "<group>";
		};
		7EFFB4EA24EB47BC007B1726 /* MainView */ = {
			isa = PBXGroup;
			children = (
				7EFFB4EE24EB48B5007B1726 /* Controller */,
				7EFFB4EF24EB48CA007B1726 /* Model */,
				7EFFB4ED24EB48B3007B1726 /* View */,
				7EFFB4EB24EB48A9007B1726 /* ViewModel */,
			);
			path = MainView;
			sourceTree = "<group>";
		};
		7EFFB4EB24EB48A9007B1726 /* ViewModel */ = {
			isa = PBXGroup;
			children = (
				7EFFB4DB24E8C767007B1726 /* SearchViewModel.swift */,
				7E6790C224DA550E0076FABA /* MainScreenViewModel.swift */,
			);
			path = ViewModel;
			sourceTree = "<group>";
		};
		7EFFB4ED24EB48B3007B1726 /* View */ = {
			isa = PBXGroup;
			children = (
				7EFFB4DF24E8F39F007B1726 /* UserCell.swift */,
				7EE65C2B24DA225700362B7F /* ExploreCell.swift */,
				7EF5CDA324DE16F300222CA3 /* ExploreCellTableCell.swift */,
			);
			path = View;
			sourceTree = "<group>";
		};
		7EFFB4EE24EB48B5007B1726 /* Controller */ = {
			isa = PBXGroup;
			children = (
				7EFFB4D924E8C723007B1726 /* SearchViewController.swift */,
				9C07CB5E24D93FCA00DD39DF /* MainScreenViewController.swift */,
			);
			path = Controller;
			sourceTree = "<group>";
		};
		7EFFB4EF24EB48CA007B1726 /* Model */ = {
			isa = PBXGroup;
			children = (
				7EFFB4DD24E8DD61007B1726 /* Results.swift */,
			);
			path = Model;
			sourceTree = "<group>";
		};
		7EFFB4F024EB48DD007B1726 /* ProfileView */ = {
			isa = PBXGroup;
			children = (
				7EFFB4F424EB490D007B1726 /* Controller */,
				7EFFB4F224EB4901007B1726 /* Model */,
				7EFFB4F124EB48F3007B1726 /* View */,
				7EFFB4F324EB4907007B1726 /* ViewModel */,
			);
			path = ProfileView;
			sourceTree = "<group>";
		};
		7EFFB4F124EB48F3007B1726 /* View */ = {
			isa = PBXGroup;
			children = (
				7EFFB4D324E7749C007B1726 /* CollectionViewCell.swift */,
			);
			path = View;
			sourceTree = "<group>";
		};
		7EFFB4F224EB4901007B1726 /* Model */ = {
			isa = PBXGroup;
			children = (
				7E818EA724DB471900851D1D /* User.swift */,
			);
			path = Model;
			sourceTree = "<group>";
		};
		7EFFB4F324EB4907007B1726 /* ViewModel */ = {
			isa = PBXGroup;
			children = (
				7EFFB4D124E73CE2007B1726 /* ProfileViewModel.swift */,
			);
			path = ViewModel;
			sourceTree = "<group>";
		};
		7EFFB4F424EB490D007B1726 /* Controller */ = {
			isa = PBXGroup;
			children = (
				7EFFB4CF24E726B2007B1726 /* ProfileViewController.swift */,
			);
			path = Controller;
			sourceTree = "<group>";
		};
		7EFFB4F524EB4A26007B1726 /* CollectionPhotoView */ = {
			isa = PBXGroup;
			children = (
				7EFFB4F824EB4A32007B1726 /* Controller */,
				7EFFB4F924EB4A36007B1726 /* Model */,
				7EFFB4F624EB4A2A007B1726 /* View */,
				7EFFB4F724EB4A2C007B1726 /* ViewModel */,
			);
			path = CollectionPhotoView;
			sourceTree = "<group>";
		};
		7EFFB4F624EB4A2A007B1726 /* View */ = {
			isa = PBXGroup;
			children = (
				7E818EAB24DB5C3000851D1D /* CollectionPhotoCell.swift */,
			);
			path = View;
			sourceTree = "<group>";
		};
		7EFFB4F724EB4A2C007B1726 /* ViewModel */ = {
			isa = PBXGroup;
			children = (
				7E818EA524DB3EB200851D1D /* CollectionPhotoViewModel.swift */,
			);
			path = ViewModel;
			sourceTree = "<group>";
		};
		7EFFB4F824EB4A32007B1726 /* Controller */ = {
			isa = PBXGroup;
			children = (
				7E818EA324DB3DD500851D1D /* CollectionPhotoViewController.swift */,
			);
			path = Controller;
			sourceTree = "<group>";
		};
		7EFFB4F924EB4A36007B1726 /* Model */ = {
			isa = PBXGroup;
			children = (
				7E6790BF24DA4F3F0076FABA /* Collection.swift */,
			);
			path = Model;
			sourceTree = "<group>";
		};
		7EFFB4FA24EB4A83007B1726 /* PhotoView */ = {
			isa = PBXGroup;
			children = (
				7EFFB4FC24EB4A8B007B1726 /* Controller */,
				7EFFB4FD24EB4A8F007B1726 /* Model */,
				7EFFB4FB24EB4A89007B1726 /* View */,
				7EFFB4FE24EB4A93007B1726 /* ViewModel */,
			);
			path = PhotoView;
			sourceTree = "<group>";
		};
		7EFFB4FB24EB4A89007B1726 /* View */ = {
			isa = PBXGroup;
			children = (
				7E85BF3624DFF737003AC7D6 /* PhotoCell.swift */,
			);
			path = View;
			sourceTree = "<group>";
		};
		7EFFB4FC24EB4A8B007B1726 /* Controller */ = {
			isa = PBXGroup;
			children = (
				7EF5CDA524DF4D2800222CA3 /* PhotoViewController.swift */,
			);
			path = Controller;
			sourceTree = "<group>";
		};
		7EFFB4FD24EB4A8F007B1726 /* Model */ = {
			isa = PBXGroup;
			children = (
				9C1E8F8B24D9833500AE44A8 /* Photo.swift */,
			);
			path = Model;
			sourceTree = "<group>";
		};
		7EFFB4FE24EB4A93007B1726 /* ViewModel */ = {
			isa = PBXGroup;
			children = (
				7E09C71724E5909000764C09 /* PhotoViewModel.swift */,
			);
			path = ViewModel;
			sourceTree = "<group>";
		};
		7EFFB4FF24EB4C09007B1726 /* Exntention */ = {
			isa = PBXGroup;
			children = (
				7EFFB50224EB4C53007B1726 /* UIColor+Ext.swift */,
				7EFFB50424EB4C93007B1726 /* UIImageView+Ext.swift */,
				7EFFB50624EB4CBD007B1726 /* UIImage+Ext.swift */,
				7EFFB50824EB4CE0007B1726 /* UIVIewController+Ext.swift */,
				7EFFB50B24EB4D01007B1726 /* Data+Ext.swift */,
				7EFFB50D24EB4D1D007B1726 /* String+Ext.swift */,
				7EFFB51724EB5834007B1726 /* UIButton+Ext.swift */,
			);
			path = Exntention;
			sourceTree = "<group>";
		};
		7EFFB50F24EB4D5F007B1726 /* Utilities */ = {
			isa = PBXGroup;
			children = (
				7E6790C624DA6E8B0076FABA /* BetterSnappingLayout.swift */,
				7E85BF3A24E237B1003AC7D6 /* Symbols.swift */,
				7EFFB51524EB4F11007B1726 /* EmptyMessage.swift */,
			);
			path = Utilities;
			sourceTree = "<group>";
		};
		7EFFB51024EB4DCC007B1726 /* Labels */ = {
			isa = PBXGroup;
			children = (
				7E85BF4A24E34609003AC7D6 /* TitleLabel.swift */,
				7E85BF4C24E34618003AC7D6 /* SubTitleLabel.swift */,
			);
			path = Labels;
			sourceTree = "<group>";
		};
		7EFFB51124EB4DE4007B1726 /* View */ = {
			isa = PBXGroup;
			children = (
				7E85BF4824E345F1003AC7D6 /* InfoView.swift */,
				7EFFB4D524E793BC007B1726 /* EmptyStateView.swift */,
			);
			path = View;
			sourceTree = "<group>";
		};
		7EFFB51224EB4DF6007B1726 /* StackView */ = {
			isa = PBXGroup;
			children = (
				7E85BF4E24E34625003AC7D6 /* VerticalStackView.swift */,
			);
			path = StackView;
			sourceTree = "<group>";
		};
		7EFFB51324EB4E05007B1726 /* TableView */ = {
			isa = PBXGroup;
			children = (
				7EFFB4E724EB372C007B1726 /* ParalaxTableView.swift */,
			);
			path = TableView;
			sourceTree = "<group>";
		};
		7EFFB51424EB4E0D007B1726 /* MapView */ = {
			isa = PBXGroup;
			children = (
				7E09C71924E6190700764C09 /* MapView.swift */,
			);
			path = MapView;
			sourceTree = "<group>";
		};
		93B105292E82EB08A626E138 /* Pods */ = {
			isa = PBXGroup;
			children = (
				68740E3173C4B9F0130213B5 /* Pods-OneSplash.debug.xcconfig */,
				E2377561D3E1E388E717843A /* Pods-OneSplash.release.xcconfig */,
			);
			path = Pods;
			sourceTree = "<group>";
		};
		9C07CB4E24D93FC900DD39DF = {
			isa = PBXGroup;
			children = (
				9C07CB5924D93FCA00DD39DF /* OneSplash */,
				9C07CB5824D93FCA00DD39DF /* Products */,
				93B105292E82EB08A626E138 /* Pods */,
				614A60D4D890F944B86EB81D /* Frameworks */,
			);
			sourceTree = "<group>";
		};
		9C07CB5824D93FCA00DD39DF /* Products */ = {
			isa = PBXGroup;
			children = (
				9C07CB5724D93FCA00DD39DF /* OneSplash.app */,
			);
			name = Products;
			sourceTree = "<group>";
		};
		9C07CB5924D93FCA00DD39DF /* OneSplash */ = {
			isa = PBXGroup;
			children = (
				9C07CB7424D943AD00DD39DF /* Application Layer */,
				9C07CB7624D943D000DD39DF /* Business Layer */,
				9C1E8F8124D97C7A00AE44A8 /* Data Access Layer */,
				7E6790B224DA417B0076FABA /* Helper */,
				9C07CB7724D9440900DD39DF /* Presentation Layer */,
				7EF8D1ED24EBA82B00BD60BB /* Support */,
			);
			path = OneSplash;
			sourceTree = "<group>";
		};
		9C07CB7424D943AD00DD39DF /* Application Layer */ = {
			isa = PBXGroup;
			children = (
				7EFFB4E124E95381007B1726 /* AppCordinator.swift */,
				9C07CB5A24D93FCA00DD39DF /* AppDelegate.swift */,
				7EFFB4E324E953E0007B1726 /* Coordinator.swift */,
				9C07CB5C24D93FCA00DD39DF /* SceneDelegate.swift */,
			);
			path = "Application Layer";
			sourceTree = "<group>";
		};
		9C07CB7624D943D000DD39DF /* Business Layer */ = {
			isa = PBXGroup;
			children = (
				9C07CB6324D93FCA00DD39DF /* OneSplash.xcdatamodeld */,
				9C1E8F8424D97F0A00AE44A8 /* UnsplashService.swift */,
			);
			path = "Business Layer";
			sourceTree = "<group>";
		};
		9C07CB7724D9440900DD39DF /* Presentation Layer */ = {
			isa = PBXGroup;
			children = (
				7EFFB4F524EB4A26007B1726 /* CollectionPhotoView */,
				7EFFB4EA24EB47BC007B1726 /* MainView */,
				7EFFB4FA24EB4A83007B1726 /* PhotoView */,
				7EFFB4F024EB48DD007B1726 /* ProfileView */,
			);
			path = "Presentation Layer";
			sourceTree = "<group>";
		};
		9C1E8F8124D97C7A00AE44A8 /* Data Access Layer */ = {
			isa = PBXGroup;
			children = (
				9C1E8F8224D97CAA00AE44A8 /* UnsplashAPI.swift */,
			);
			path = "Data Access Layer";
			sourceTree = "<group>";
		};
/* End PBXGroup section */

/* Begin PBXNativeTarget section */
		9C07CB5624D93FCA00DD39DF /* OneSplash */ = {
			isa = PBXNativeTarget;
			buildConfigurationList = 9C07CB6E24D93FCE00DD39DF /* Build configuration list for PBXNativeTarget "OneSplash" */;
			buildPhases = (
				56D82D49D69A2FE666D09E58 /* [CP] Check Pods Manifest.lock */,
				9C07CB5324D93FCA00DD39DF /* Sources */,
				9C07CB5424D93FCA00DD39DF /* Frameworks */,
				9C07CB5524D93FCA00DD39DF /* Resources */,
				6D12EF78D6C7B9D83A42C1D8 /* [CP] Embed Pods Frameworks */,
				9C07CB7324D9436300DD39DF /* ShellScript */,
			);
			buildRules = (
			);
			dependencies = (
			);
			name = OneSplash;
			productName = OneSplash;
			productReference = 9C07CB5724D93FCA00DD39DF /* OneSplash.app */;
			productType = "com.apple.product-type.application";
		};
/* End PBXNativeTarget section */

/* Begin PBXProject section */
		9C07CB4F24D93FC900DD39DF /* Project object */ = {
			isa = PBXProject;
			attributes = {
				LastSwiftUpdateCheck = 1140;
				LastUpgradeCheck = 1140;
				ORGANIZATIONNAME = Terns;
				TargetAttributes = {
					9C07CB5624D93FCA00DD39DF = {
						CreatedOnToolsVersion = 11.4.1;
					};
				};
			};
			buildConfigurationList = 9C07CB5224D93FC900DD39DF /* Build configuration list for PBXProject "OneSplash" */;
			compatibilityVersion = "Xcode 9.3";
			developmentRegion = en;
			hasScannedForEncodings = 0;
			knownRegions = (
				en,
				Base,
			);
			mainGroup = 9C07CB4E24D93FC900DD39DF;
			productRefGroup = 9C07CB5824D93FCA00DD39DF /* Products */;
			projectDirPath = "";
			projectRoot = "";
			targets = (
				9C07CB5624D93FCA00DD39DF /* OneSplash */,
			);
		};
/* End PBXProject section */

/* Begin PBXResourcesBuildPhase section */
		9C07CB5524D93FCA00DD39DF /* Resources */ = {
			isa = PBXResourcesBuildPhase;
			buildActionMask = 2147483647;
			files = (
				9C07CB6A24D93FCE00DD39DF /* LaunchScreen.storyboard in Resources */,
				9C07CB6724D93FCE00DD39DF /* Assets.xcassets in Resources */,
			);
			runOnlyForDeploymentPostprocessing = 0;
		};
/* End PBXResourcesBuildPhase section */

/* Begin PBXShellScriptBuildPhase section */
		56D82D49D69A2FE666D09E58 /* [CP] Check Pods Manifest.lock */ = {
			isa = PBXShellScriptBuildPhase;
			buildActionMask = 2147483647;
			files = (
			);
			inputFileListPaths = (
			);
			inputPaths = (
				"${PODS_PODFILE_DIR_PATH}/Podfile.lock",
				"${PODS_ROOT}/Manifest.lock",
			);
			name = "[CP] Check Pods Manifest.lock";
			outputFileListPaths = (
			);
			outputPaths = (
				"$(DERIVED_FILE_DIR)/Pods-OneSplash-checkManifestLockResult.txt",
			);
			runOnlyForDeploymentPostprocessing = 0;
			shellPath = /bin/sh;
			shellScript = "diff \"${PODS_PODFILE_DIR_PATH}/Podfile.lock\" \"${PODS_ROOT}/Manifest.lock\" > /dev/null\nif [ $? != 0 ] ; then\n    # print error to STDERR\n    echo \"error: The sandbox is not in sync with the Podfile.lock. Run 'pod install' or update your CocoaPods installation.\" >&2\n    exit 1\nfi\n# This output is used by Xcode 'outputs' to avoid re-running this script phase.\necho \"SUCCESS\" > \"${SCRIPT_OUTPUT_FILE_0}\"\n";
			showEnvVarsInLog = 0;
		};
		6D12EF78D6C7B9D83A42C1D8 /* [CP] Embed Pods Frameworks */ = {
			isa = PBXShellScriptBuildPhase;
			buildActionMask = 2147483647;
			files = (
			);
			inputFileListPaths = (
				"${PODS_ROOT}/Target Support Files/Pods-OneSplash/Pods-OneSplash-frameworks-${CONFIGURATION}-input-files.xcfilelist",
			);
			name = "[CP] Embed Pods Frameworks";
			outputFileListPaths = (
				"${PODS_ROOT}/Target Support Files/Pods-OneSplash/Pods-OneSplash-frameworks-${CONFIGURATION}-output-files.xcfilelist",
			);
			runOnlyForDeploymentPostprocessing = 0;
			shellPath = /bin/sh;
			shellScript = "\"${PODS_ROOT}/Target Support Files/Pods-OneSplash/Pods-OneSplash-frameworks.sh\"\n";
			showEnvVarsInLog = 0;
		};
		9C07CB7324D9436300DD39DF /* ShellScript */ = {
			isa = PBXShellScriptBuildPhase;
			buildActionMask = 2147483647;
			files = (
			);
			inputFileListPaths = (
			);
			inputPaths = (
			);
			outputFileListPaths = (
			);
			outputPaths = (
			);
			runOnlyForDeploymentPostprocessing = 0;
			shellPath = /bin/sh;
			shellScript = "\"${PODS_ROOT}/SwiftLint/swiftlint\"\n";
		};
/* End PBXShellScriptBuildPhase section */

/* Begin PBXSourcesBuildPhase section */
		9C07CB5324D93FCA00DD39DF /* Sources */ = {
			isa = PBXSourcesBuildPhase;
			buildActionMask = 2147483647;
			files = (
				7E85BF3F24E24103003AC7D6 /* PhotoShowerViewControllers.swift in Sources */,
				9C07CB5F24D93FCA00DD39DF /* MainScreenViewController.swift in Sources */,
				7E818EA424DB3DD500851D1D /* CollectionPhotoViewController.swift in Sources */,
				7E6790C324DA550E0076FABA /* MainScreenViewModel.swift in Sources */,
				7EFFB50924EB4CE0007B1726 /* UIVIewController+Ext.swift in Sources */,
				7E6790C024DA4F400076FABA /* Collection.swift in Sources */,
				7EF5CDA424DE16F300222CA3 /* ExploreCellTableCell.swift in Sources */,
				7EFFB50324EB4C53007B1726 /* UIColor+Ext.swift in Sources */,
				7EFFB4E424E953E0007B1726 /* Coordinator.swift in Sources */,
				7EFFB4E824EB372D007B1726 /* ParalaxTableView.swift in Sources */,
				7EFFB50E24EB4D1D007B1726 /* String+Ext.swift in Sources */,
				9C1E8F8324D97CAA00AE44A8 /* UnsplashAPI.swift in Sources */,
				7E818EAC24DB5C3000851D1D /* CollectionPhotoCell.swift in Sources */,
				7EFFB50C24EB4D01007B1726 /* Data+Ext.swift in Sources */,
				7E818EA824DB471900851D1D /* User.swift in Sources */,
				9C1E8F8C24D9833500AE44A8 /* Photo.swift in Sources */,
				7EE65C2C24DA225700362B7F /* ExploreCell.swift in Sources */,
				7EFFB4DA24E8C724007B1726 /* SearchViewController.swift in Sources */,
				7EFFB4E224E95382007B1726 /* AppCordinator.swift in Sources */,
				7EFFB50524EB4C93007B1726 /* UIImageView+Ext.swift in Sources */,
				7EFFB51824EB5834007B1726 /* UIButton+Ext.swift in Sources */,
				7E85BF4D24E34618003AC7D6 /* SubTitleLabel.swift in Sources */,
				7EFFB51624EB4F11007B1726 /* EmptyMessage.swift in Sources */,
				7EFFB50724EB4CBD007B1726 /* UIImage+Ext.swift in Sources */,
				7EFFB4DC24E8C767007B1726 /* SearchViewModel.swift in Sources */,
				7EFFB4D024E726B2007B1726 /* ProfileViewController.swift in Sources */,
				7EFFB4D424E7749C007B1726 /* CollectionViewCell.swift in Sources */,
				7E09C71824E5909000764C09 /* PhotoViewModel.swift in Sources */,
				9C07CB5B24D93FCA00DD39DF /* AppDelegate.swift in Sources */,
				7E818EA624DB3EB200851D1D /* CollectionPhotoViewModel.swift in Sources */,
				7E85BF4924E345F2003AC7D6 /* InfoView.swift in Sources */,
				9C07CB5D24D93FCA00DD39DF /* SceneDelegate.swift in Sources */,
				9C07CB6524D93FCA00DD39DF /* OneSplash.xcdatamodeld in Sources */,
				7EFFB4DE24E8DD63007B1726 /* Results.swift in Sources */,
				7E85BF3724DFF737003AC7D6 /* PhotoCell.swift in Sources */,
				7E09C71A24E6190700764C09 /* MapView.swift in Sources */,
				7E85BF3B24E237B1003AC7D6 /* Symbols.swift in Sources */,
				7EFFB4D224E73CE2007B1726 /* ProfileViewModel.swift in Sources */,
				7EFFB4D624E793BC007B1726 /* EmptyStateView.swift in Sources */,
				7E6790C724DA6E8B0076FABA /* BetterSnappingLayout.swift in Sources */,
				7EF8D1EC24EB9F0900BD60BB /* CustomButton.swift in Sources */,
				7E85BF4B24E34609003AC7D6 /* TitleLabel.swift in Sources */,
				7EFFB4E024E8F39F007B1726 /* UserCell.swift in Sources */,
				7E85BF4F24E34625003AC7D6 /* VerticalStackView.swift in Sources */,
				7EF5CDA624DF4D2800222CA3 /* PhotoViewController.swift in Sources */,
				9C1E8F8524D97F0A00AE44A8 /* UnsplashService.swift in Sources */,
			);
			runOnlyForDeploymentPostprocessing = 0;
		};
/* End PBXSourcesBuildPhase section */

/* Begin PBXVariantGroup section */
		9C07CB6824D93FCE00DD39DF /* LaunchScreen.storyboard */ = {
			isa = PBXVariantGroup;
			children = (
				9C07CB6924D93FCE00DD39DF /* Base */,
			);
			name = LaunchScreen.storyboard;
			sourceTree = "<group>";
		};
/* End PBXVariantGroup section */

/* Begin XCBuildConfiguration section */
		9C07CB6C24D93FCE00DD39DF /* Debug */ = {
			isa = XCBuildConfiguration;
			buildSettings = {
				ALWAYS_SEARCH_USER_PATHS = NO;
				CLANG_ANALYZER_NONNULL = YES;
				CLANG_ANALYZER_NUMBER_OBJECT_CONVERSION = YES_AGGRESSIVE;
				CLANG_CXX_LANGUAGE_STANDARD = "gnu++14";
				CLANG_CXX_LIBRARY = "libc++";
				CLANG_ENABLE_MODULES = YES;
				CLANG_ENABLE_OBJC_ARC = YES;
				CLANG_ENABLE_OBJC_WEAK = YES;
				CLANG_WARN_BLOCK_CAPTURE_AUTORELEASING = YES;
				CLANG_WARN_BOOL_CONVERSION = YES;
				CLANG_WARN_COMMA = YES;
				CLANG_WARN_CONSTANT_CONVERSION = YES;
				CLANG_WARN_DEPRECATED_OBJC_IMPLEMENTATIONS = YES;
				CLANG_WARN_DIRECT_OBJC_ISA_USAGE = YES_ERROR;
				CLANG_WARN_DOCUMENTATION_COMMENTS = YES;
				CLANG_WARN_EMPTY_BODY = YES;
				CLANG_WARN_ENUM_CONVERSION = YES;
				CLANG_WARN_INFINITE_RECURSION = YES;
				CLANG_WARN_INT_CONVERSION = YES;
				CLANG_WARN_NON_LITERAL_NULL_CONVERSION = YES;
				CLANG_WARN_OBJC_IMPLICIT_RETAIN_SELF = YES;
				CLANG_WARN_OBJC_LITERAL_CONVERSION = YES;
				CLANG_WARN_OBJC_ROOT_CLASS = YES_ERROR;
				CLANG_WARN_RANGE_LOOP_ANALYSIS = YES;
				CLANG_WARN_STRICT_PROTOTYPES = YES;
				CLANG_WARN_SUSPICIOUS_MOVE = YES;
				CLANG_WARN_UNGUARDED_AVAILABILITY = YES_AGGRESSIVE;
				CLANG_WARN_UNREACHABLE_CODE = YES;
				CLANG_WARN__DUPLICATE_METHOD_MATCH = YES;
				COPY_PHASE_STRIP = NO;
				DEBUG_INFORMATION_FORMAT = dwarf;
				ENABLE_STRICT_OBJC_MSGSEND = YES;
				ENABLE_TESTABILITY = YES;
				GCC_C_LANGUAGE_STANDARD = gnu11;
				GCC_DYNAMIC_NO_PIC = NO;
				GCC_NO_COMMON_BLOCKS = YES;
				GCC_OPTIMIZATION_LEVEL = 0;
				GCC_PREPROCESSOR_DEFINITIONS = (
					"DEBUG=1",
					"$(inherited)",
				);
				GCC_WARN_64_TO_32_BIT_CONVERSION = YES;
				GCC_WARN_ABOUT_RETURN_TYPE = YES_ERROR;
				GCC_WARN_UNDECLARED_SELECTOR = YES;
				GCC_WARN_UNINITIALIZED_AUTOS = YES_AGGRESSIVE;
				GCC_WARN_UNUSED_FUNCTION = YES;
				GCC_WARN_UNUSED_VARIABLE = YES;
				IPHONEOS_DEPLOYMENT_TARGET = 13.4;
				MTL_ENABLE_DEBUG_INFO = INCLUDE_SOURCE;
				MTL_FAST_MATH = YES;
				ONLY_ACTIVE_ARCH = YES;
				SDKROOT = iphoneos;
				SWIFT_ACTIVE_COMPILATION_CONDITIONS = DEBUG;
				SWIFT_OPTIMIZATION_LEVEL = "-Onone";
			};
			name = Debug;
		};
		9C07CB6D24D93FCE00DD39DF /* Release */ = {
			isa = XCBuildConfiguration;
			buildSettings = {
				ALWAYS_SEARCH_USER_PATHS = NO;
				CLANG_ANALYZER_NONNULL = YES;
				CLANG_ANALYZER_NUMBER_OBJECT_CONVERSION = YES_AGGRESSIVE;
				CLANG_CXX_LANGUAGE_STANDARD = "gnu++14";
				CLANG_CXX_LIBRARY = "libc++";
				CLANG_ENABLE_MODULES = YES;
				CLANG_ENABLE_OBJC_ARC = YES;
				CLANG_ENABLE_OBJC_WEAK = YES;
				CLANG_WARN_BLOCK_CAPTURE_AUTORELEASING = YES;
				CLANG_WARN_BOOL_CONVERSION = YES;
				CLANG_WARN_COMMA = YES;
				CLANG_WARN_CONSTANT_CONVERSION = YES;
				CLANG_WARN_DEPRECATED_OBJC_IMPLEMENTATIONS = YES;
				CLANG_WARN_DIRECT_OBJC_ISA_USAGE = YES_ERROR;
				CLANG_WARN_DOCUMENTATION_COMMENTS = YES;
				CLANG_WARN_EMPTY_BODY = YES;
				CLANG_WARN_ENUM_CONVERSION = YES;
				CLANG_WARN_INFINITE_RECURSION = YES;
				CLANG_WARN_INT_CONVERSION = YES;
				CLANG_WARN_NON_LITERAL_NULL_CONVERSION = YES;
				CLANG_WARN_OBJC_IMPLICIT_RETAIN_SELF = YES;
				CLANG_WARN_OBJC_LITERAL_CONVERSION = YES;
				CLANG_WARN_OBJC_ROOT_CLASS = YES_ERROR;
				CLANG_WARN_RANGE_LOOP_ANALYSIS = YES;
				CLANG_WARN_STRICT_PROTOTYPES = YES;
				CLANG_WARN_SUSPICIOUS_MOVE = YES;
				CLANG_WARN_UNGUARDED_AVAILABILITY = YES_AGGRESSIVE;
				CLANG_WARN_UNREACHABLE_CODE = YES;
				CLANG_WARN__DUPLICATE_METHOD_MATCH = YES;
				COPY_PHASE_STRIP = NO;
				DEBUG_INFORMATION_FORMAT = "dwarf-with-dsym";
				ENABLE_NS_ASSERTIONS = NO;
				ENABLE_STRICT_OBJC_MSGSEND = YES;
				GCC_C_LANGUAGE_STANDARD = gnu11;
				GCC_NO_COMMON_BLOCKS = YES;
				GCC_WARN_64_TO_32_BIT_CONVERSION = YES;
				GCC_WARN_ABOUT_RETURN_TYPE = YES_ERROR;
				GCC_WARN_UNDECLARED_SELECTOR = YES;
				GCC_WARN_UNINITIALIZED_AUTOS = YES_AGGRESSIVE;
				GCC_WARN_UNUSED_FUNCTION = YES;
				GCC_WARN_UNUSED_VARIABLE = YES;
				IPHONEOS_DEPLOYMENT_TARGET = 13.4;
				MTL_ENABLE_DEBUG_INFO = NO;
				MTL_FAST_MATH = YES;
				SDKROOT = iphoneos;
				SWIFT_COMPILATION_MODE = wholemodule;
				SWIFT_OPTIMIZATION_LEVEL = "-O";
				VALIDATE_PRODUCT = YES;
			};
			name = Release;
		};
		9C07CB6F24D93FCE00DD39DF /* Debug */ = {
			isa = XCBuildConfiguration;
			baseConfigurationReference = 68740E3173C4B9F0130213B5 /* Pods-OneSplash.debug.xcconfig */;
			buildSettings = {
				ASSETCATALOG_COMPILER_APPICON_NAME = AppIcon;
				CODE_SIGN_STYLE = Automatic;
				DEVELOPMENT_TEAM = J78N6PTC3Q;
				INFOPLIST_FILE = OneSplash/Support/Info.plist;
				LD_RUNPATH_SEARCH_PATHS = (
					"$(inherited)",
					"@executable_path/Frameworks",
				);
				PRODUCT_BUNDLE_IDENTIFIER = "com.rustam-deniz-emirali.OneSplash";
				PRODUCT_NAME = "$(TARGET_NAME)";
				SWIFT_VERSION = 5.0;
				TARGETED_DEVICE_FAMILY = "1,2";
			};
			name = Debug;
		};
		9C07CB7024D93FCE00DD39DF /* Release */ = {
			isa = XCBuildConfiguration;
			baseConfigurationReference = E2377561D3E1E388E717843A /* Pods-OneSplash.release.xcconfig */;
			buildSettings = {
				ASSETCATALOG_COMPILER_APPICON_NAME = AppIcon;
				CODE_SIGN_STYLE = Automatic;
				DEVELOPMENT_TEAM = J78N6PTC3Q;
				INFOPLIST_FILE = OneSplash/Support/Info.plist;
				LD_RUNPATH_SEARCH_PATHS = (
					"$(inherited)",
					"@executable_path/Frameworks",
				);
				PRODUCT_BUNDLE_IDENTIFIER = "com.rustam-deniz-emirali.OneSplash";
				PRODUCT_NAME = "$(TARGET_NAME)";
				SWIFT_VERSION = 5.0;
				TARGETED_DEVICE_FAMILY = "1,2";
			};
			name = Release;
		};
/* End XCBuildConfiguration section */

/* Begin XCConfigurationList section */
		9C07CB5224D93FC900DD39DF /* Build configuration list for PBXProject "OneSplash" */ = {
			isa = XCConfigurationList;
			buildConfigurations = (
				9C07CB6C24D93FCE00DD39DF /* Debug */,
				9C07CB6D24D93FCE00DD39DF /* Release */,
			);
			defaultConfigurationIsVisible = 0;
			defaultConfigurationName = Release;
		};
		9C07CB6E24D93FCE00DD39DF /* Build configuration list for PBXNativeTarget "OneSplash" */ = {
			isa = XCConfigurationList;
			buildConfigurations = (
				9C07CB6F24D93FCE00DD39DF /* Debug */,
				9C07CB7024D93FCE00DD39DF /* Release */,
			);
			defaultConfigurationIsVisible = 0;
			defaultConfigurationName = Release;
		};
/* End XCConfigurationList section */

/* Begin XCVersionGroup section */
		9C07CB6324D93FCA00DD39DF /* OneSplash.xcdatamodeld */ = {
			isa = XCVersionGroup;
			children = (
				9C07CB6424D93FCA00DD39DF /* OneSplash.xcdatamodel */,
			);
			currentVersion = 9C07CB6424D93FCA00DD39DF /* OneSplash.xcdatamodel */;
			path = OneSplash.xcdatamodeld;
			sourceTree = "<group>";
			versionGroupType = wrapper.xcdatamodel;
		};
/* End XCVersionGroup section */
	};
	rootObject = 9C07CB4F24D93FC900DD39DF /* Project object */;
}
