// !$*UTF8*$!
{
	archiveVersion = 1;
	classes = {
	};
	objectVersion = 51;
	objects = {

/* Begin PBXBuildFile section */
		7E6790BC24DA44F60076FABA /* Extensions.swift in Sources */ = {isa = PBXBuildFile; fileRef = 7E6790BB24DA44F60076FABA /* Extensions.swift */; };
		7E6790C024DA4F400076FABA /* Collection.swift in Sources */ = {isa = PBXBuildFile; fileRef = 7E6790BF24DA4F3F0076FABA /* Collection.swift */; };
		7E6790C324DA550E0076FABA /* MainViewViewModel.swift in Sources */ = {isa = PBXBuildFile; fileRef = 7E6790C224DA550E0076FABA /* MainViewViewModel.swift */; };
		7E6790C724DA6E8B0076FABA /* BetterSnappingLayout.swift in Sources */ = {isa = PBXBuildFile; fileRef = 7E6790C624DA6E8B0076FABA /* BetterSnappingLayout.swift */; };
		7EE65C2C24DA225700362B7F /* ExploreCell.swift in Sources */ = {isa = PBXBuildFile; fileRef = 7EE65C2B24DA225700362B7F /* ExploreCell.swift */; };
		8848218403177CA5C981A38D /* Pods_OneSplash.framework in Frameworks */ = {isa = PBXBuildFile; fileRef = 557F2207D3FF3C5286C6222E /* Pods_OneSplash.framework */; };
		9C07CB5B24D93FCA00DD39DF /* AppDelegate.swift in Sources */ = {isa = PBXBuildFile; fileRef = 9C07CB5A24D93FCA00DD39DF /* AppDelegate.swift */; };
		9C07CB5D24D93FCA00DD39DF /* SceneDelegate.swift in Sources */ = {isa = PBXBuildFile; fileRef = 9C07CB5C24D93FCA00DD39DF /* SceneDelegate.swift */; };
		9C07CB5F24D93FCA00DD39DF /* MainScreenViewController.swift in Sources */ = {isa = PBXBuildFile; fileRef = 9C07CB5E24D93FCA00DD39DF /* MainScreenViewController.swift */; };
		9C07CB6524D93FCA00DD39DF /* OneSplash.xcdatamodeld in Sources */ = {isa = PBXBuildFile; fileRef = 9C07CB6324D93FCA00DD39DF /* OneSplash.xcdatamodeld */; };
		9C07CB6724D93FCE00DD39DF /* Assets.xcassets in Resources */ = {isa = PBXBuildFile; fileRef = 9C07CB6624D93FCE00DD39DF /* Assets.xcassets */; };
		9C07CB6A24D93FCE00DD39DF /* LaunchScreen.storyboard in Resources */ = {isa = PBXBuildFile; fileRef = 9C07CB6824D93FCE00DD39DF /* LaunchScreen.storyboard */; };
		9C1E8F8324D97CAA00AE44A8 /* UnsplashAPI.swift in Sources */ = {isa = PBXBuildFile; fileRef = 9C1E8F8224D97CAA00AE44A8 /* UnsplashAPI.swift */; };
		9C1E8F8524D97F0A00AE44A8 /* UnsplashService.swift in Sources */ = {isa = PBXBuildFile; fileRef = 9C1E8F8424D97F0A00AE44A8 /* UnsplashService.swift */; };
		9C1E8F8A24D9807A00AE44A8 /* PhotoURLs.swift in Sources */ = {isa = PBXBuildFile; fileRef = 9C1E8F8924D9807A00AE44A8 /* PhotoURLs.swift */; };
		9C1E8F8C24D9833500AE44A8 /* Photo.swift in Sources */ = {isa = PBXBuildFile; fileRef = 9C1E8F8B24D9833500AE44A8 /* Photo.swift */; };
/* End PBXBuildFile section */

/* Begin PBXFileReference section */
		557F2207D3FF3C5286C6222E /* Pods_OneSplash.framework */ = {isa = PBXFileReference; explicitFileType = wrapper.framework; includeInIndex = 0; path = Pods_OneSplash.framework; sourceTree = BUILT_PRODUCTS_DIR; };
		68740E3173C4B9F0130213B5 /* Pods-OneSplash.debug.xcconfig */ = {isa = PBXFileReference; includeInIndex = 1; lastKnownFileType = text.xcconfig; name = "Pods-OneSplash.debug.xcconfig"; path = "Target Support Files/Pods-OneSplash/Pods-OneSplash.debug.xcconfig"; sourceTree = "<group>"; };
		7E6790BB24DA44F60076FABA /* Extensions.swift */ = {isa = PBXFileReference; lastKnownFileType = sourcecode.swift; path = Extensions.swift; sourceTree = "<group>"; };
		7E6790BF24DA4F3F0076FABA /* Collection.swift */ = {isa = PBXFileReference; lastKnownFileType = sourcecode.swift; path = Collection.swift; sourceTree = "<group>"; };
		7E6790C224DA550E0076FABA /* MainViewViewModel.swift */ = {isa = PBXFileReference; lastKnownFileType = sourcecode.swift; path = MainViewViewModel.swift; sourceTree = "<group>"; };
		7E6790C624DA6E8B0076FABA /* BetterSnappingLayout.swift */ = {isa = PBXFileReference; lastKnownFileType = sourcecode.swift; path = BetterSnappingLayout.swift; sourceTree = "<group>"; };
		7EE65C2B24DA225700362B7F /* ExploreCell.swift */ = {isa = PBXFileReference; lastKnownFileType = sourcecode.swift; path = ExploreCell.swift; sourceTree = "<group>"; };
		9C07CB5724D93FCA00DD39DF /* OneSplash.app */ = {isa = PBXFileReference; explicitFileType = wrapper.application; includeInIndex = 0; path = OneSplash.app; sourceTree = BUILT_PRODUCTS_DIR; };
		9C07CB5A24D93FCA00DD39DF /* AppDelegate.swift */ = {isa = PBXFileReference; lastKnownFileType = sourcecode.swift; path = AppDelegate.swift; sourceTree = "<group>"; };
		9C07CB5C24D93FCA00DD39DF /* SceneDelegate.swift */ = {isa = PBXFileReference; lastKnownFileType = sourcecode.swift; path = SceneDelegate.swift; sourceTree = "<group>"; };
		9C07CB5E24D93FCA00DD39DF /* MainScreenViewController.swift */ = {isa = PBXFileReference; lastKnownFileType = sourcecode.swift; path = MainScreenViewController.swift; sourceTree = "<group>"; };
		9C07CB6424D93FCA00DD39DF /* OneSplash.xcdatamodel */ = {isa = PBXFileReference; lastKnownFileType = wrapper.xcdatamodel; path = OneSplash.xcdatamodel; sourceTree = "<group>"; };
		9C07CB6624D93FCE00DD39DF /* Assets.xcassets */ = {isa = PBXFileReference; lastKnownFileType = folder.assetcatalog; path = Assets.xcassets; sourceTree = "<group>"; };
		9C07CB6924D93FCE00DD39DF /* Base */ = {isa = PBXFileReference; lastKnownFileType = file.storyboard; name = Base; path = Base.lproj/LaunchScreen.storyboard; sourceTree = "<group>"; };
		9C07CB6B24D93FCE00DD39DF /* Info.plist */ = {isa = PBXFileReference; lastKnownFileType = text.plist.xml; path = Info.plist; sourceTree = "<group>"; };
		9C1E8F8224D97CAA00AE44A8 /* UnsplashAPI.swift */ = {isa = PBXFileReference; lastKnownFileType = sourcecode.swift; path = UnsplashAPI.swift; sourceTree = "<group>"; };
		9C1E8F8424D97F0A00AE44A8 /* UnsplashService.swift */ = {isa = PBXFileReference; lastKnownFileType = sourcecode.swift; path = UnsplashService.swift; sourceTree = "<group>"; };
		9C1E8F8924D9807A00AE44A8 /* PhotoURLs.swift */ = {isa = PBXFileReference; lastKnownFileType = sourcecode.swift; path = PhotoURLs.swift; sourceTree = "<group>"; };
		9C1E8F8B24D9833500AE44A8 /* Photo.swift */ = {isa = PBXFileReference; lastKnownFileType = sourcecode.swift; path = Photo.swift; sourceTree = "<group>"; };
		E2377561D3E1E388E717843A /* Pods-OneSplash.release.xcconfig */ = {isa = PBXFileReference; includeInIndex = 1; lastKnownFileType = text.xcconfig; name = "Pods-OneSplash.release.xcconfig"; path = "Target Support Files/Pods-OneSplash/Pods-OneSplash.release.xcconfig"; sourceTree = "<group>"; };
/* End PBXFileReference section */

/* Begin PBXFrameworksBuildPhase section */
		9C07CB5424D93FCA00DD39DF /* Frameworks */ = {
			isa = PBXFrameworksBuildPhase;
			buildActionMask = 2147483647;
			files = (
				8848218403177CA5C981A38D /* Pods_OneSplash.framework in Frameworks */,
			);
			runOnlyForDeploymentPostprocessing = 0;
		};
/* End PBXFrameworksBuildPhase section */

/* Begin PBXGroup section */
		614A60D4D890F944B86EB81D /* Frameworks */ = {
			isa = PBXGroup;
			children = (
				557F2207D3FF3C5286C6222E /* Pods_OneSplash.framework */,
			);
			name = Frameworks;
			sourceTree = "<group>";
		};
		7E6790B224DA417B0076FABA /* Helper */ = {
			isa = PBXGroup;
			children = (
				7E6790BB24DA44F60076FABA /* Extensions.swift */,
				7E6790C624DA6E8B0076FABA /* BetterSnappingLayout.swift */,
			);
			path = Helper;
			sourceTree = "<group>";
		};
		7E6790C124DA54E80076FABA /* ViewModel */ = {
			isa = PBXGroup;
			children = (
				7E6790C224DA550E0076FABA /* MainViewViewModel.swift */,
			);
			path = ViewModel;
			sourceTree = "<group>";
		};
		7EE65C2A24DA223A00362B7F /* View */ = {
			isa = PBXGroup;
			children = (
				7EE65C2B24DA225700362B7F /* ExploreCell.swift */,
			);
			path = View;
			sourceTree = "<group>";
		};
		93B105292E82EB08A626E138 /* Pods */ = {
			isa = PBXGroup;
			children = (
				68740E3173C4B9F0130213B5 /* Pods-OneSplash.debug.xcconfig */,
				E2377561D3E1E388E717843A /* Pods-OneSplash.release.xcconfig */,
			);
			path = Pods;
			sourceTree = "<group>";
		};
		9C07CB4E24D93FC900DD39DF = {
			isa = PBXGroup;
			children = (
				9C07CB5924D93FCA00DD39DF /* OneSplash */,
				9C07CB5824D93FCA00DD39DF /* Products */,
				93B105292E82EB08A626E138 /* Pods */,
				614A60D4D890F944B86EB81D /* Frameworks */,
			);
			sourceTree = "<group>";
		};
		9C07CB5824D93FCA00DD39DF /* Products */ = {
			isa = PBXGroup;
			children = (
				9C07CB5724D93FCA00DD39DF /* OneSplash.app */,
			);
			name = Products;
			sourceTree = "<group>";
		};
		9C07CB5924D93FCA00DD39DF /* OneSplash */ = {
			isa = PBXGroup;
			children = (
				7E6790B224DA417B0076FABA /* Helper */,
				9C07CB7424D943AD00DD39DF /* Application Layer */,
				9C07CB7624D943D000DD39DF /* Business Layer */,
				9C07CB7724D9440900DD39DF /* Presentation Layer */,
				9C1E8F8124D97C7A00AE44A8 /* Data Access Layer */,
				9C07CB6624D93FCE00DD39DF /* Assets.xcassets */,
				9C07CB6824D93FCE00DD39DF /* LaunchScreen.storyboard */,
				9C07CB6B24D93FCE00DD39DF /* Info.plist */,
			);
			path = OneSplash;
			sourceTree = "<group>";
		};
		9C07CB7424D943AD00DD39DF /* Application Layer */ = {
			isa = PBXGroup;
			children = (
				9C07CB5A24D93FCA00DD39DF /* AppDelegate.swift */,
				9C07CB5C24D93FCA00DD39DF /* SceneDelegate.swift */,
			);
			path = "Application Layer";
			sourceTree = "<group>";
		};
		9C07CB7624D943D000DD39DF /* Business Layer */ = {
			isa = PBXGroup;
			children = (
				9C07CB6324D93FCA00DD39DF /* OneSplash.xcdatamodeld */,
				9C1E8F8424D97F0A00AE44A8 /* UnsplashService.swift */,
			);
			path = "Business Layer";
			sourceTree = "<group>";
		};
		9C07CB7724D9440900DD39DF /* Presentation Layer */ = {
			isa = PBXGroup;
			children = (
				7E6790C124DA54E80076FABA /* ViewModel */,
				7EE65C2A24DA223A00362B7F /* View */,
				9C1E8F8624D97FB700AE44A8 /* Model */,
				9C07CB7824D944B600DD39DF /* Controller */,
			);
			path = "Presentation Layer";
			sourceTree = "<group>";
		};
		9C07CB7824D944B600DD39DF /* Controller */ = {
			isa = PBXGroup;
			children = (
				9C07CB5E24D93FCA00DD39DF /* MainScreenViewController.swift */,
			);
			path = Controller;
			sourceTree = "<group>";
		};
		9C1E8F8124D97C7A00AE44A8 /* Data Access Layer */ = {
			isa = PBXGroup;
			children = (
				9C1E8F8224D97CAA00AE44A8 /* UnsplashAPI.swift */,
			);
			path = "Data Access Layer";
			sourceTree = "<group>";
		};
		9C1E8F8624D97FB700AE44A8 /* Model */ = {
			isa = PBXGroup;
			children = (
				9C1E8F8924D9807A00AE44A8 /* PhotoURLs.swift */,
				9C1E8F8B24D9833500AE44A8 /* Photo.swift */,
				7E6790BF24DA4F3F0076FABA /* Collection.swift */,
			);
			path = Model;
			sourceTree = "<group>";
		};
/* End PBXGroup section */

/* Begin PBXNativeTarget section */
		9C07CB5624D93FCA00DD39DF /* OneSplash */ = {
			isa = PBXNativeTarget;
			buildConfigurationList = 9C07CB6E24D93FCE00DD39DF /* Build configuration list for PBXNativeTarget "OneSplash" */;
			buildPhases = (
				56D82D49D69A2FE666D09E58 /* [CP] Check Pods Manifest.lock */,
				9C07CB5324D93FCA00DD39DF /* Sources */,
				9C07CB5424D93FCA00DD39DF /* Frameworks */,
				9C07CB5524D93FCA00DD39DF /* Resources */,
				6D12EF78D6C7B9D83A42C1D8 /* [CP] Embed Pods Frameworks */,
				9C07CB7324D9436300DD39DF /* ShellScript */,
			);
			buildRules = (
			);
			dependencies = (
			);
			name = OneSplash;
			productName = OneSplash;
			productReference = 9C07CB5724D93FCA00DD39DF /* OneSplash.app */;
			productType = "com.apple.product-type.application";
		};
/* End PBXNativeTarget section */

/* Begin PBXProject section */
		9C07CB4F24D93FC900DD39DF /* Project object */ = {
			isa = PBXProject;
			attributes = {
				LastSwiftUpdateCheck = 1140;
				LastUpgradeCheck = 1140;
				ORGANIZATIONNAME = Terns;
				TargetAttributes = {
					9C07CB5624D93FCA00DD39DF = {
						CreatedOnToolsVersion = 11.4.1;
					};
				};
			};
			buildConfigurationList = 9C07CB5224D93FC900DD39DF /* Build configuration list for PBXProject "OneSplash" */;
			compatibilityVersion = "Xcode 9.3";
			developmentRegion = en;
			hasScannedForEncodings = 0;
			knownRegions = (
				en,
				Base,
			);
			mainGroup = 9C07CB4E24D93FC900DD39DF;
			productRefGroup = 9C07CB5824D93FCA00DD39DF /* Products */;
			projectDirPath = "";
			projectRoot = "";
			targets = (
				9C07CB5624D93FCA00DD39DF /* OneSplash */,
			);
		};
/* End PBXProject section */

/* Begin PBXResourcesBuildPhase section */
		9C07CB5524D93FCA00DD39DF /* Resources */ = {
			isa = PBXResourcesBuildPhase;
			buildActionMask = 2147483647;
			files = (
				9C07CB6A24D93FCE00DD39DF /* LaunchScreen.storyboard in Resources */,
				9C07CB6724D93FCE00DD39DF /* Assets.xcassets in Resources */,
			);
			runOnlyForDeploymentPostprocessing = 0;
		};
/* End PBXResourcesBuildPhase section */

/* Begin PBXShellScriptBuildPhase section */
		56D82D49D69A2FE666D09E58 /* [CP] Check Pods Manifest.lock */ = {
			isa = PBXShellScriptBuildPhase;
			buildActionMask = 2147483647;
			files = (
			);
			inputFileListPaths = (
			);
			inputPaths = (
				"${PODS_PODFILE_DIR_PATH}/Podfile.lock",
				"${PODS_ROOT}/Manifest.lock",
			);
			name = "[CP] Check Pods Manifest.lock";
			outputFileListPaths = (
			);
			outputPaths = (
				"$(DERIVED_FILE_DIR)/Pods-OneSplash-checkManifestLockResult.txt",
			);
			runOnlyForDeploymentPostprocessing = 0;
			shellPath = /bin/sh;
			shellScript = "diff \"${PODS_PODFILE_DIR_PATH}/Podfile.lock\" \"${PODS_ROOT}/Manifest.lock\" > /dev/null\nif [ $? != 0 ] ; then\n    # print error to STDERR\n    echo \"error: The sandbox is not in sync with the Podfile.lock. Run 'pod install' or update your CocoaPods installation.\" >&2\n    exit 1\nfi\n# This output is used by Xcode 'outputs' to avoid re-running this script phase.\necho \"SUCCESS\" > \"${SCRIPT_OUTPUT_FILE_0}\"\n";
			showEnvVarsInLog = 0;
		};
		6D12EF78D6C7B9D83A42C1D8 /* [CP] Embed Pods Frameworks */ = {
			isa = PBXShellScriptBuildPhase;
			buildActionMask = 2147483647;
			files = (
			);
			inputFileListPaths = (
				"${PODS_ROOT}/Target Support Files/Pods-OneSplash/Pods-OneSplash-frameworks-${CONFIGURATION}-input-files.xcfilelist",
			);
			name = "[CP] Embed Pods Frameworks";
			outputFileListPaths = (
				"${PODS_ROOT}/Target Support Files/Pods-OneSplash/Pods-OneSplash-frameworks-${CONFIGURATION}-output-files.xcfilelist",
			);
			runOnlyForDeploymentPostprocessing = 0;
			shellPath = /bin/sh;
			shellScript = "\"${PODS_ROOT}/Target Support Files/Pods-OneSplash/Pods-OneSplash-frameworks.sh\"\n";
			showEnvVarsInLog = 0;
		};
		9C07CB7324D9436300DD39DF /* ShellScript */ = {
			isa = PBXShellScriptBuildPhase;
			buildActionMask = 2147483647;
			files = (
			);
			inputFileListPaths = (
			);
			inputPaths = (
			);
			outputFileListPaths = (
			);
			outputPaths = (
			);
			runOnlyForDeploymentPostprocessing = 0;
			shellPath = /bin/sh;
			shellScript = "\"${PODS_ROOT}/SwiftLint/swiftlint\"\n";
		};
/* End PBXShellScriptBuildPhase section */

/* Begin PBXSourcesBuildPhase section */
		9C07CB5324D93FCA00DD39DF /* Sources */ = {
			isa = PBXSourcesBuildPhase;
			buildActionMask = 2147483647;
			files = (
				9C07CB5F24D93FCA00DD39DF /* MainScreenViewController.swift in Sources */,
				7E6790C324DA550E0076FABA /* MainViewViewModel.swift in Sources */,
				7E6790C024DA4F400076FABA /* Collection.swift in Sources */,
				9C1E8F8324D97CAA00AE44A8 /* UnsplashAPI.swift in Sources */,
				9C1E8F8A24D9807A00AE44A8 /* PhotoURLs.swift in Sources */,
				9C1E8F8C24D9833500AE44A8 /* Photo.swift in Sources */,
				7EE65C2C24DA225700362B7F /* ExploreCell.swift in Sources */,
				9C07CB5B24D93FCA00DD39DF /* AppDelegate.swift in Sources */,
				7E6790BC24DA44F60076FABA /* Extensions.swift in Sources */,
				9C07CB5D24D93FCA00DD39DF /* SceneDelegate.swift in Sources */,
				9C07CB6524D93FCA00DD39DF /* OneSplash.xcdatamodeld in Sources */,
				7E6790C724DA6E8B0076FABA /* BetterSnappingLayout.swift in Sources */,
				9C1E8F8524D97F0A00AE44A8 /* UnsplashService.swift in Sources */,
			);
			runOnlyForDeploymentPostprocessing = 0;
		};
/* End PBXSourcesBuildPhase section */

/* Begin PBXVariantGroup section */
		9C07CB6824D93FCE00DD39DF /* LaunchScreen.storyboard */ = {
			isa = PBXVariantGroup;
			children = (
				9C07CB6924D93FCE00DD39DF /* Base */,
			);
			name = LaunchScreen.storyboard;
			sourceTree = "<group>";
		};
/* End PBXVariantGroup section */

/* Begin XCBuildConfiguration section */
		9C07CB6C24D93FCE00DD39DF /* Debug */ = {
			isa = XCBuildConfiguration;
			buildSettings = {
				ALWAYS_SEARCH_USER_PATHS = NO;
				CLANG_ANALYZER_NONNULL = YES;
				CLANG_ANALYZER_NUMBER_OBJECT_CONVERSION = YES_AGGRESSIVE;
				CLANG_CXX_LANGUAGE_STANDARD = "gnu++14";
				CLANG_CXX_LIBRARY = "libc++";
				CLANG_ENABLE_MODULES = YES;
				CLANG_ENABLE_OBJC_ARC = YES;
				CLANG_ENABLE_OBJC_WEAK = YES;
				CLANG_WARN_BLOCK_CAPTURE_AUTORELEASING = YES;
				CLANG_WARN_BOOL_CONVERSION = YES;
				CLANG_WARN_COMMA = YES;
				CLANG_WARN_CONSTANT_CONVERSION = YES;
				CLANG_WARN_DEPRECATED_OBJC_IMPLEMENTATIONS = YES;
				CLANG_WARN_DIRECT_OBJC_ISA_USAGE = YES_ERROR;
				CLANG_WARN_DOCUMENTATION_COMMENTS = YES;
				CLANG_WARN_EMPTY_BODY = YES;
				CLANG_WARN_ENUM_CONVERSION = YES;
				CLANG_WARN_INFINITE_RECURSION = YES;
				CLANG_WARN_INT_CONVERSION = YES;
				CLANG_WARN_NON_LITERAL_NULL_CONVERSION = YES;
				CLANG_WARN_OBJC_IMPLICIT_RETAIN_SELF = YES;
				CLANG_WARN_OBJC_LITERAL_CONVERSION = YES;
				CLANG_WARN_OBJC_ROOT_CLASS = YES_ERROR;
				CLANG_WARN_RANGE_LOOP_ANALYSIS = YES;
				CLANG_WARN_STRICT_PROTOTYPES = YES;
				CLANG_WARN_SUSPICIOUS_MOVE = YES;
				CLANG_WARN_UNGUARDED_AVAILABILITY = YES_AGGRESSIVE;
				CLANG_WARN_UNREACHABLE_CODE = YES;
				CLANG_WARN__DUPLICATE_METHOD_MATCH = YES;
				COPY_PHASE_STRIP = NO;
				DEBUG_INFORMATION_FORMAT = dwarf;
				ENABLE_STRICT_OBJC_MSGSEND = YES;
				ENABLE_TESTABILITY = YES;
				GCC_C_LANGUAGE_STANDARD = gnu11;
				GCC_DYNAMIC_NO_PIC = NO;
				GCC_NO_COMMON_BLOCKS = YES;
				GCC_OPTIMIZATION_LEVEL = 0;
				GCC_PREPROCESSOR_DEFINITIONS = (
					"DEBUG=1",
					"$(inherited)",
				);
				GCC_WARN_64_TO_32_BIT_CONVERSION = YES;
				GCC_WARN_ABOUT_RETURN_TYPE = YES_ERROR;
				GCC_WARN_UNDECLARED_SELECTOR = YES;
				GCC_WARN_UNINITIALIZED_AUTOS = YES_AGGRESSIVE;
				GCC_WARN_UNUSED_FUNCTION = YES;
				GCC_WARN_UNUSED_VARIABLE = YES;
				IPHONEOS_DEPLOYMENT_TARGET = 13.4;
				MTL_ENABLE_DEBUG_INFO = INCLUDE_SOURCE;
				MTL_FAST_MATH = YES;
				ONLY_ACTIVE_ARCH = YES;
				SDKROOT = iphoneos;
				SWIFT_ACTIVE_COMPILATION_CONDITIONS = DEBUG;
				SWIFT_OPTIMIZATION_LEVEL = "-Onone";
			};
			name = Debug;
		};
		9C07CB6D24D93FCE00DD39DF /* Release */ = {
			isa = XCBuildConfiguration;
			buildSettings = {
				ALWAYS_SEARCH_USER_PATHS = NO;
				CLANG_ANALYZER_NONNULL = YES;
				CLANG_ANALYZER_NUMBER_OBJECT_CONVERSION = YES_AGGRESSIVE;
				CLANG_CXX_LANGUAGE_STANDARD = "gnu++14";
				CLANG_CXX_LIBRARY = "libc++";
				CLANG_ENABLE_MODULES = YES;
				CLANG_ENABLE_OBJC_ARC = YES;
				CLANG_ENABLE_OBJC_WEAK = YES;
				CLANG_WARN_BLOCK_CAPTURE_AUTORELEASING = YES;
				CLANG_WARN_BOOL_CONVERSION = YES;
				CLANG_WARN_COMMA = YES;
				CLANG_WARN_CONSTANT_CONVERSION = YES;
				CLANG_WARN_DEPRECATED_OBJC_IMPLEMENTATIONS = YES;
				CLANG_WARN_DIRECT_OBJC_ISA_USAGE = YES_ERROR;
				CLANG_WARN_DOCUMENTATION_COMMENTS = YES;
				CLANG_WARN_EMPTY_BODY = YES;
				CLANG_WARN_ENUM_CONVERSION = YES;
				CLANG_WARN_INFINITE_RECURSION = YES;
				CLANG_WARN_INT_CONVERSION = YES;
				CLANG_WARN_NON_LITERAL_NULL_CONVERSION = YES;
				CLANG_WARN_OBJC_IMPLICIT_RETAIN_SELF = YES;
				CLANG_WARN_OBJC_LITERAL_CONVERSION = YES;
				CLANG_WARN_OBJC_ROOT_CLASS = YES_ERROR;
				CLANG_WARN_RANGE_LOOP_ANALYSIS = YES;
				CLANG_WARN_STRICT_PROTOTYPES = YES;
				CLANG_WARN_SUSPICIOUS_MOVE = YES;
				CLANG_WARN_UNGUARDED_AVAILABILITY = YES_AGGRESSIVE;
				CLANG_WARN_UNREACHABLE_CODE = YES;
				CLANG_WARN__DUPLICATE_METHOD_MATCH = YES;
				COPY_PHASE_STRIP = NO;
				DEBUG_INFORMATION_FORMAT = "dwarf-with-dsym";
				ENABLE_NS_ASSERTIONS = NO;
				ENABLE_STRICT_OBJC_MSGSEND = YES;
				GCC_C_LANGUAGE_STANDARD = gnu11;
				GCC_NO_COMMON_BLOCKS = YES;
				GCC_WARN_64_TO_32_BIT_CONVERSION = YES;
				GCC_WARN_ABOUT_RETURN_TYPE = YES_ERROR;
				GCC_WARN_UNDECLARED_SELECTOR = YES;
				GCC_WARN_UNINITIALIZED_AUTOS = YES_AGGRESSIVE;
				GCC_WARN_UNUSED_FUNCTION = YES;
				GCC_WARN_UNUSED_VARIABLE = YES;
				IPHONEOS_DEPLOYMENT_TARGET = 13.4;
				MTL_ENABLE_DEBUG_INFO = NO;
				MTL_FAST_MATH = YES;
				SDKROOT = iphoneos;
				SWIFT_COMPILATION_MODE = wholemodule;
				SWIFT_OPTIMIZATION_LEVEL = "-O";
				VALIDATE_PRODUCT = YES;
			};
			name = Release;
		};
		9C07CB6F24D93FCE00DD39DF /* Debug */ = {
			isa = XCBuildConfiguration;
			baseConfigurationReference = 68740E3173C4B9F0130213B5 /* Pods-OneSplash.debug.xcconfig */;
			buildSettings = {
				ASSETCATALOG_COMPILER_APPICON_NAME = AppIcon;
				CODE_SIGN_STYLE = Automatic;
				DEVELOPMENT_TEAM = J78N6PTC3Q;
				INFOPLIST_FILE = OneSplash/Info.plist;
				LD_RUNPATH_SEARCH_PATHS = (
					"$(inherited)",
					"@executable_path/Frameworks",
				);
				PRODUCT_BUNDLE_IDENTIFIER = "com.rustam-deniz-emirali.OneSplash";
				PRODUCT_NAME = "$(TARGET_NAME)";
				SWIFT_VERSION = 5.0;
				TARGETED_DEVICE_FAMILY = "1,2";
			};
			name = Debug;
		};
		9C07CB7024D93FCE00DD39DF /* Release */ = {
			isa = XCBuildConfiguration;
			baseConfigurationReference = E2377561D3E1E388E717843A /* Pods-OneSplash.release.xcconfig */;
			buildSettings = {
				ASSETCATALOG_COMPILER_APPICON_NAME = AppIcon;
				CODE_SIGN_STYLE = Automatic;
				DEVELOPMENT_TEAM = J78N6PTC3Q;
				INFOPLIST_FILE = OneSplash/Info.plist;
				LD_RUNPATH_SEARCH_PATHS = (
					"$(inherited)",
					"@executable_path/Frameworks",
				);
				PRODUCT_BUNDLE_IDENTIFIER = "com.rustam-deniz-emirali.OneSplash";
				PRODUCT_NAME = "$(TARGET_NAME)";
				SWIFT_VERSION = 5.0;
				TARGETED_DEVICE_FAMILY = "1,2";
			};
			name = Release;
		};
/* End XCBuildConfiguration section */

/* Begin XCConfigurationList section */
		9C07CB5224D93FC900DD39DF /* Build configuration list for PBXProject "OneSplash" */ = {
			isa = XCConfigurationList;
			buildConfigurations = (
				9C07CB6C24D93FCE00DD39DF /* Debug */,
				9C07CB6D24D93FCE00DD39DF /* Release */,
			);
			defaultConfigurationIsVisible = 0;
			defaultConfigurationName = Release;
		};
		9C07CB6E24D93FCE00DD39DF /* Build configuration list for PBXNativeTarget "OneSplash" */ = {
			isa = XCConfigurationList;
			buildConfigurations = (
				9C07CB6F24D93FCE00DD39DF /* Debug */,
				9C07CB7024D93FCE00DD39DF /* Release */,
			);
			defaultConfigurationIsVisible = 0;
			defaultConfigurationName = Release;
		};
/* End XCConfigurationList section */

/* Begin XCVersionGroup section */
		9C07CB6324D93FCA00DD39DF /* OneSplash.xcdatamodeld */ = {
			isa = XCVersionGroup;
			children = (
				9C07CB6424D93FCA00DD39DF /* OneSplash.xcdatamodel */,
			);
			currentVersion = 9C07CB6424D93FCA00DD39DF /* OneSplash.xcdatamodel */;
			path = OneSplash.xcdatamodeld;
			sourceTree = "<group>";
			versionGroupType = wrapper.xcdatamodel;
		};
/* End XCVersionGroup section */
	};
	rootObject = 9C07CB4F24D93FC900DD39DF /* Project object */;
}
